
Microsoft Visual Studio Solution File, Format Version 12.00
# Visual Studio Version 16
VisualStudioVersion = 16.0.30114.105
MinimumVisualStudioVersion = 10.0.40219.1
Project("{FAE04EC0-301F-11D3-BF4B-00C04F79EFBC}") = "ShoppingCart", "ShoppingCart\ShoppingCart.csproj", "{AAADF420-1808-4FF7-9209-F99F220E6168}"
EndProject
Global
	GlobalSection(SolutionConfigurationPlatforms) = preSolution
		Debug|Any CPU = Debug|Any CPU
		Release|Any CPU = Release|Any CPU
	EndGlobalSection
	GlobalSection(ProjectConfigurationPlatforms) = postSolution
		{AAADF420-1808-4FF7-9209-F99F220E6168}.Debug|Any CPU.ActiveCfg = Debug|Any CPU
		{AAADF420-1808-4FF7-9209-F99F220E6168}.Debug|Any CPU.Build.0 = Debug|Any CPU
		{AAADF420-1808-4FF7-9209-F99F220E6168}.Release|Any CPU.ActiveCfg = Release|Any CPU
		{AAADF420-1808-4FF7-9209-F99F220E6168}.Release|Any CPU.Build.0 = Release|Any CPU
	EndGlobalSection
	GlobalSection(SolutionProperties) = preSolution
		HideSolutionNode = FALSE
	EndGlobalSection
	GlobalSection(ExtensibilityGlobals) = postSolution
		SolutionGuid = {89145E0C-8575-472B-9DA6-73752C696925}
	EndGlobalSection
EndGlobal
